
Microsoft Visual Studio Solution File, Format Version 12.00
# Visual Studio Version 17
VisualStudioVersion = 17.2.32516.85
MinimumVisualStudioVersion = 10.0.40219.1
Project("{9A19103F-16F7-4668-BE54-9A1E7A4F7556}") = "Maze.Server", "Maze.Server\Maze.Server.csproj", "{F80ACB21-8AE3-4A77-8F9E-47C003CC6AC3}"
EndProject
Project("{FAE04EC0-301F-11D3-BF4B-00C04F79EFBC}") = "Maze.Domain", "Maze.Domain\Maze.Domain.csproj", "{7116B8C6-7459-400E-A60A-85E6B59F16B4}"
EndProject
Project("{FAE04EC0-301F-11D3-BF4B-00C04F79EFBC}") = "Maze.Common", "Maze.Common\Maze.Common.csproj", "{5BF1C523-100A-4017-A1C5-1BE7742859BB}"
EndProject
Global
	GlobalSection(SolutionConfigurationPlatforms) = preSolution
		Debug|Any CPU = Debug|Any CPU
		Release|Any CPU = Release|Any CPU
	EndGlobalSection
	GlobalSection(ProjectConfigurationPlatforms) = postSolution
		{F80ACB21-8AE3-4A77-8F9E-47C003CC6AC3}.Debug|Any CPU.ActiveCfg = Debug|Any CPU
		{F80ACB21-8AE3-4A77-8F9E-47C003CC6AC3}.Debug|Any CPU.Build.0 = Debug|Any CPU
		{F80ACB21-8AE3-4A77-8F9E-47C003CC6AC3}.Release|Any CPU.ActiveCfg = Release|Any CPU
		{F80ACB21-8AE3-4A77-8F9E-47C003CC6AC3}.Release|Any CPU.Build.0 = Release|Any CPU
		{7116B8C6-7459-400E-A60A-85E6B59F16B4}.Debug|Any CPU.ActiveCfg = Debug|Any CPU
		{7116B8C6-7459-400E-A60A-85E6B59F16B4}.Debug|Any CPU.Build.0 = Debug|Any CPU
		{7116B8C6-7459-400E-A60A-85E6B59F16B4}.Release|Any CPU.ActiveCfg = Release|Any CPU
		{7116B8C6-7459-400E-A60A-85E6B59F16B4}.Release|Any CPU.Build.0 = Release|Any CPU
		{5BF1C523-100A-4017-A1C5-1BE7742859BB}.Debug|Any CPU.ActiveCfg = Debug|Any CPU
		{5BF1C523-100A-4017-A1C5-1BE7742859BB}.Debug|Any CPU.Build.0 = Debug|Any CPU
		{5BF1C523-100A-4017-A1C5-1BE7742859BB}.Release|Any CPU.ActiveCfg = Release|Any CPU
		{5BF1C523-100A-4017-A1C5-1BE7742859BB}.Release|Any CPU.Build.0 = Release|Any CPU
	EndGlobalSection
	GlobalSection(SolutionProperties) = preSolution
		HideSolutionNode = FALSE
	EndGlobalSection
	GlobalSection(ExtensibilityGlobals) = postSolution
		SolutionGuid = {A334129B-A68E-4F17-8C0E-DCC7D754C3D3}
	EndGlobalSection
EndGlobal
