
Microsoft Visual Studio Solution File, Format Version 12.00
# Visual Studio Version 16
VisualStudioVersion = 16.0.28729.10
MinimumVisualStudioVersion = 10.0.40219.1
Project("{9A19103F-16F7-4668-BE54-9A1E7A4F7556}") = "MazeSolution.Core", "MazeSolution.Core\MazeSolution.Core.csproj", "{726C28AE-A0D4-4405-B4E5-C1E14F6D6A00}"
EndProject
Project("{9A19103F-16F7-4668-BE54-9A1E7A4F7556}") = "MazeSolution.Core.Generators", "MazeSolution.Core.Generators\MazeSolution.Core.Generators.csproj", "{8B4F64B1-B8ED-4312-B662-5302ED37D961}"
EndProject
Project("{FAE04EC0-301F-11D3-BF4B-00C04F79EFBC}") = "MazeSolution.GUI.TestClient", "MazeSolution.GUI.TestClient\MazeSolution.GUI.TestClient.csproj", "{6C7918EF-8850-4BA6-96D2-7C43523CA718}"
EndProject
Project("{9A19103F-16F7-4668-BE54-9A1E7A4F7556}") = "MazeSolution.Core.GameService", "MazeSolution.Core.GameService\MazeSolution.Core.GameService.csproj", "{BD293666-2C68-4670-A8A2-476655E7ADEA}"
EndProject
Project("{9A19103F-16F7-4668-BE54-9A1E7A4F7556}") = "MazeSolution.LoginService", "MazeSolution.LoginService\MazeSolution.LoginService.csproj", "{7E95644F-3A23-4A3E-89BE-8996E122D624}"
EndProject
Project("{9A19103F-16F7-4668-BE54-9A1E7A4F7556}") = "MazeSolution.Core.MazeStructure", "MazeSolution.Core.MazeStructure\MazeSolution.Core.MazeStructure.csproj", "{45C848C8-26A2-462C-831B-8FFD3D10989D}"
EndProject
Project("{9A19103F-16F7-4668-BE54-9A1E7A4F7556}") = "MazeSolution.Core.GameObjects", "MazeSolution.Core.GameObjects\MazeSolution.Core.GameObjects.csproj", "{53C5CC2E-4226-477C-A0F8-B3FD3DD84EF6}"
EndProject
Project("{FAE04EC0-301F-11D3-BF4B-00C04F79EFBC}") = "MazeSolution.LobbyService", "MazeSolution.LobbyService\MazeSolution.LobbyService.csproj", "{2EEAFFF3-D4FE-46BE-A3EA-43A1FA0870A6}"
EndProject
Project("{FAE04EC0-301F-11D3-BF4B-00C04F79EFBC}") = "MazeSolution.Core.Models", "MazeSolution.Core.Models\MazeSolution.Core.Models.csproj", "{94ED4F78-69E3-4FFE-8F1F-34DA62112CD7}"
EndProject
Global
	GlobalSection(SolutionConfigurationPlatforms) = preSolution
		Debug|Any CPU = Debug|Any CPU
		Release|Any CPU = Release|Any CPU
	EndGlobalSection
	GlobalSection(ProjectConfigurationPlatforms) = postSolution
		{726C28AE-A0D4-4405-B4E5-C1E14F6D6A00}.Debug|Any CPU.ActiveCfg = Debug|Any CPU
		{726C28AE-A0D4-4405-B4E5-C1E14F6D6A00}.Debug|Any CPU.Build.0 = Debug|Any CPU
		{726C28AE-A0D4-4405-B4E5-C1E14F6D6A00}.Release|Any CPU.ActiveCfg = Release|Any CPU
		{726C28AE-A0D4-4405-B4E5-C1E14F6D6A00}.Release|Any CPU.Build.0 = Release|Any CPU
		{8B4F64B1-B8ED-4312-B662-5302ED37D961}.Debug|Any CPU.ActiveCfg = Debug|Any CPU
		{8B4F64B1-B8ED-4312-B662-5302ED37D961}.Debug|Any CPU.Build.0 = Debug|Any CPU
		{8B4F64B1-B8ED-4312-B662-5302ED37D961}.Release|Any CPU.ActiveCfg = Release|Any CPU
		{8B4F64B1-B8ED-4312-B662-5302ED37D961}.Release|Any CPU.Build.0 = Release|Any CPU
		{6C7918EF-8850-4BA6-96D2-7C43523CA718}.Debug|Any CPU.ActiveCfg = Debug|Any CPU
		{6C7918EF-8850-4BA6-96D2-7C43523CA718}.Debug|Any CPU.Build.0 = Debug|Any CPU
		{6C7918EF-8850-4BA6-96D2-7C43523CA718}.Release|Any CPU.ActiveCfg = Release|Any CPU
		{6C7918EF-8850-4BA6-96D2-7C43523CA718}.Release|Any CPU.Build.0 = Release|Any CPU
		{BD293666-2C68-4670-A8A2-476655E7ADEA}.Debug|Any CPU.ActiveCfg = Debug|Any CPU
		{BD293666-2C68-4670-A8A2-476655E7ADEA}.Debug|Any CPU.Build.0 = Debug|Any CPU
		{BD293666-2C68-4670-A8A2-476655E7ADEA}.Release|Any CPU.ActiveCfg = Release|Any CPU
		{BD293666-2C68-4670-A8A2-476655E7ADEA}.Release|Any CPU.Build.0 = Release|Any CPU
		{7E95644F-3A23-4A3E-89BE-8996E122D624}.Debug|Any CPU.ActiveCfg = Debug|Any CPU
		{7E95644F-3A23-4A3E-89BE-8996E122D624}.Debug|Any CPU.Build.0 = Debug|Any CPU
		{7E95644F-3A23-4A3E-89BE-8996E122D624}.Release|Any CPU.ActiveCfg = Release|Any CPU
		{7E95644F-3A23-4A3E-89BE-8996E122D624}.Release|Any CPU.Build.0 = Release|Any CPU
		{45C848C8-26A2-462C-831B-8FFD3D10989D}.Debug|Any CPU.ActiveCfg = Debug|Any CPU
		{45C848C8-26A2-462C-831B-8FFD3D10989D}.Debug|Any CPU.Build.0 = Debug|Any CPU
		{45C848C8-26A2-462C-831B-8FFD3D10989D}.Release|Any CPU.ActiveCfg = Release|Any CPU
		{45C848C8-26A2-462C-831B-8FFD3D10989D}.Release|Any CPU.Build.0 = Release|Any CPU
		{53C5CC2E-4226-477C-A0F8-B3FD3DD84EF6}.Debug|Any CPU.ActiveCfg = Debug|Any CPU
		{53C5CC2E-4226-477C-A0F8-B3FD3DD84EF6}.Debug|Any CPU.Build.0 = Debug|Any CPU
		{53C5CC2E-4226-477C-A0F8-B3FD3DD84EF6}.Release|Any CPU.ActiveCfg = Release|Any CPU
		{53C5CC2E-4226-477C-A0F8-B3FD3DD84EF6}.Release|Any CPU.Build.0 = Release|Any CPU
		{2EEAFFF3-D4FE-46BE-A3EA-43A1FA0870A6}.Debug|Any CPU.ActiveCfg = Debug|Any CPU
		{2EEAFFF3-D4FE-46BE-A3EA-43A1FA0870A6}.Debug|Any CPU.Build.0 = Debug|Any CPU
		{2EEAFFF3-D4FE-46BE-A3EA-43A1FA0870A6}.Release|Any CPU.ActiveCfg = Release|Any CPU
		{2EEAFFF3-D4FE-46BE-A3EA-43A1FA0870A6}.Release|Any CPU.Build.0 = Release|Any CPU
		{94ED4F78-69E3-4FFE-8F1F-34DA62112CD7}.Debug|Any CPU.ActiveCfg = Debug|Any CPU
		{94ED4F78-69E3-4FFE-8F1F-34DA62112CD7}.Debug|Any CPU.Build.0 = Debug|Any CPU
		{94ED4F78-69E3-4FFE-8F1F-34DA62112CD7}.Release|Any CPU.ActiveCfg = Release|Any CPU
		{94ED4F78-69E3-4FFE-8F1F-34DA62112CD7}.Release|Any CPU.Build.0 = Release|Any CPU
	EndGlobalSection
	GlobalSection(SolutionProperties) = preSolution
		HideSolutionNode = FALSE
	EndGlobalSection
	GlobalSection(ExtensibilityGlobals) = postSolution
		SolutionGuid = {40D3CEED-B8BD-4535-803E-6AC89559AE9D}
	EndGlobalSection
EndGlobal
