
Microsoft Visual Studio Solution File, Format Version 12.00
# Visual Studio 15
VisualStudioVersion = 15.0.27130.2026
MinimumVisualStudioVersion = 10.0.40219.1
Project("{FAE04EC0-301F-11D3-BF4B-00C04F79EFBC}") = "Mazyaka.CommonModel", "Mazyaka.CommonModel\Mazyaka.CommonModel.csproj", "{26A8A452-5D1E-4741-B530-9C75CD58F39B}"
EndProject
Project("{FAE04EC0-301F-11D3-BF4B-00C04F79EFBC}") = "Mazyaka.CommonModel.MazeConnection", "Mazyaka.CommonModel.MazeConnection\Mazyaka.CommonModel.MazeConnection.csproj", "{E1FD9D09-D772-46F3-A95C-315D64F69B52}"
EndProject
Project("{FAE04EC0-301F-11D3-BF4B-00C04F79EFBC}") = "Mazyaka.CommonModel.GameModel", "Mazyaka.CommonModel.GameModel\Mazyaka.CommonModel.GameModel.csproj", "{A8A6B7E1-1F8A-4F04-A5A4-941DA81CF0BD}"
EndProject
Global
	GlobalSection(SolutionConfigurationPlatforms) = preSolution
		Debug|Any CPU = Debug|Any CPU
		Release|Any CPU = Release|Any CPU
	EndGlobalSection
	GlobalSection(ProjectConfigurationPlatforms) = postSolution
		{26A8A452-5D1E-4741-B530-9C75CD58F39B}.Debug|Any CPU.ActiveCfg = Debug|Any CPU
		{26A8A452-5D1E-4741-B530-9C75CD58F39B}.Debug|Any CPU.Build.0 = Debug|Any CPU
		{26A8A452-5D1E-4741-B530-9C75CD58F39B}.Release|Any CPU.ActiveCfg = Release|Any CPU
		{26A8A452-5D1E-4741-B530-9C75CD58F39B}.Release|Any CPU.Build.0 = Release|Any CPU
		{E1FD9D09-D772-46F3-A95C-315D64F69B52}.Debug|Any CPU.ActiveCfg = Debug|Any CPU
		{E1FD9D09-D772-46F3-A95C-315D64F69B52}.Debug|Any CPU.Build.0 = Debug|Any CPU
		{E1FD9D09-D772-46F3-A95C-315D64F69B52}.Release|Any CPU.ActiveCfg = Release|Any CPU
		{E1FD9D09-D772-46F3-A95C-315D64F69B52}.Release|Any CPU.Build.0 = Release|Any CPU
		{A8A6B7E1-1F8A-4F04-A5A4-941DA81CF0BD}.Debug|Any CPU.ActiveCfg = Debug|Any CPU
		{A8A6B7E1-1F8A-4F04-A5A4-941DA81CF0BD}.Debug|Any CPU.Build.0 = Debug|Any CPU
		{A8A6B7E1-1F8A-4F04-A5A4-941DA81CF0BD}.Release|Any CPU.ActiveCfg = Release|Any CPU
		{A8A6B7E1-1F8A-4F04-A5A4-941DA81CF0BD}.Release|Any CPU.Build.0 = Release|Any CPU
	EndGlobalSection
	GlobalSection(SolutionProperties) = preSolution
		HideSolutionNode = FALSE
	EndGlobalSection
	GlobalSection(ExtensibilityGlobals) = postSolution
		SolutionGuid = {C948DC86-3DBB-46C6-92A7-301F4845A76B}
	EndGlobalSection
EndGlobal
