
Microsoft Visual Studio Solution File, Format Version 12.00
# Visual Studio 15
VisualStudioVersion = 15.0.27130.2026
MinimumVisualStudioVersion = 10.0.40219.1
Project("{FAE04EC0-301F-11D3-BF4B-00C04F79EFBC}") = "Mazyaka.Server.ServerWork", "Mazyaka.Server.ServerWork\Mazyaka.Server.ServerWork.csproj", "{2B8B0E88-742C-48AA-8D5C-B4BD4172F9A5}"
EndProject
Project("{FAE04EC0-301F-11D3-BF4B-00C04F79EFBC}") = "Mazyaka.Server.LoginService", "Mazyaka.Server.LoginService\Mazyaka.Server.LoginService.csproj", "{8A62D964-59E7-4233-8701-5C14DD1344EF}"
EndProject
Project("{FAE04EC0-301F-11D3-BF4B-00C04F79EFBC}") = "Mazyaka.Server.GameService", "Mazyaka.Server.GameService\Mazyaka.Server.GameService.csproj", "{F4FA20C3-2019-4468-8A87-5BF058C022A2}"
EndProject
Global
	GlobalSection(SolutionConfigurationPlatforms) = preSolution
		Debug|Any CPU = Debug|Any CPU
		Release|Any CPU = Release|Any CPU
	EndGlobalSection
	GlobalSection(ProjectConfigurationPlatforms) = postSolution
		{2B8B0E88-742C-48AA-8D5C-B4BD4172F9A5}.Debug|Any CPU.ActiveCfg = Debug|Any CPU
		{2B8B0E88-742C-48AA-8D5C-B4BD4172F9A5}.Debug|Any CPU.Build.0 = Debug|Any CPU
		{2B8B0E88-742C-48AA-8D5C-B4BD4172F9A5}.Release|Any CPU.ActiveCfg = Release|Any CPU
		{2B8B0E88-742C-48AA-8D5C-B4BD4172F9A5}.Release|Any CPU.Build.0 = Release|Any CPU
		{8A62D964-59E7-4233-8701-5C14DD1344EF}.Debug|Any CPU.ActiveCfg = Debug|Any CPU
		{8A62D964-59E7-4233-8701-5C14DD1344EF}.Debug|Any CPU.Build.0 = Debug|Any CPU
		{8A62D964-59E7-4233-8701-5C14DD1344EF}.Release|Any CPU.ActiveCfg = Release|Any CPU
		{8A62D964-59E7-4233-8701-5C14DD1344EF}.Release|Any CPU.Build.0 = Release|Any CPU
		{F4FA20C3-2019-4468-8A87-5BF058C022A2}.Debug|Any CPU.ActiveCfg = Debug|Any CPU
		{F4FA20C3-2019-4468-8A87-5BF058C022A2}.Debug|Any CPU.Build.0 = Debug|Any CPU
		{F4FA20C3-2019-4468-8A87-5BF058C022A2}.Release|Any CPU.ActiveCfg = Release|Any CPU
		{F4FA20C3-2019-4468-8A87-5BF058C022A2}.Release|Any CPU.Build.0 = Release|Any CPU
	EndGlobalSection
	GlobalSection(SolutionProperties) = preSolution
		HideSolutionNode = FALSE
	EndGlobalSection
	GlobalSection(ExtensibilityGlobals) = postSolution
		SolutionGuid = {3E5AD820-895F-49C2-99C0-B4A7A3A1898F}
	EndGlobalSection
EndGlobal
