
Microsoft Visual Studio Solution File, Format Version 12.00
# Visual Studio 15
VisualStudioVersion = 15.0.27130.2024
MinimumVisualStudioVersion = 10.0.40219.1
Project("{9A19103F-16F7-4668-BE54-9A1E7A4F7556}") = "Mazyaka.Model", "Mazyaka.Model\Mazyaka.Model.csproj", "{3BEC82A1-95C3-4A1D-AAE0-DC66D7EEC786}"
EndProject
Project("{FAE04EC0-301F-11D3-BF4B-00C04F79EFBC}") = "Mazyaka.Model.Test", "Mazyaka.Model.Test\Mazyaka.Model.Test.csproj", "{DF3E847E-CC0A-4BC7-BD33-42D0D9A2B8EB}"
EndProject
Global
	GlobalSection(SolutionConfigurationPlatforms) = preSolution
		Debug|Any CPU = Debug|Any CPU
		Release|Any CPU = Release|Any CPU
	EndGlobalSection
	GlobalSection(ProjectConfigurationPlatforms) = postSolution
		{3BEC82A1-95C3-4A1D-AAE0-DC66D7EEC786}.Debug|Any CPU.ActiveCfg = Debug|Any CPU
		{3BEC82A1-95C3-4A1D-AAE0-DC66D7EEC786}.Debug|Any CPU.Build.0 = Debug|Any CPU
		{3BEC82A1-95C3-4A1D-AAE0-DC66D7EEC786}.Release|Any CPU.ActiveCfg = Release|Any CPU
		{3BEC82A1-95C3-4A1D-AAE0-DC66D7EEC786}.Release|Any CPU.Build.0 = Release|Any CPU
		{DF3E847E-CC0A-4BC7-BD33-42D0D9A2B8EB}.Debug|Any CPU.ActiveCfg = Debug|Any CPU
		{DF3E847E-CC0A-4BC7-BD33-42D0D9A2B8EB}.Debug|Any CPU.Build.0 = Debug|Any CPU
		{DF3E847E-CC0A-4BC7-BD33-42D0D9A2B8EB}.Release|Any CPU.ActiveCfg = Release|Any CPU
		{DF3E847E-CC0A-4BC7-BD33-42D0D9A2B8EB}.Release|Any CPU.Build.0 = Release|Any CPU
	EndGlobalSection
	GlobalSection(SolutionProperties) = preSolution
		HideSolutionNode = FALSE
	EndGlobalSection
	GlobalSection(ExtensibilityGlobals) = postSolution
		SolutionGuid = {115B9206-E3AD-4D46-A030-6955E1E566DC}
	EndGlobalSection
EndGlobal
