
Microsoft Visual Studio Solution File, Format Version 12.00
# Visual Studio 2015
Project("{FAE04EC0-301F-11D3-BF4B-00C04F79EFBC}") = "Maze.Plugins", "Maze.Plugins.csproj", "{86101EFD-F166-566E-5B18-7B7E7376FA6E}"
EndProject
Project("{FAE04EC0-301F-11D3-BF4B-00C04F79EFBC}") = "Maze", "Maze.csproj", "{8A52E13F-1E95-9301-251D-8A915FD9B524}"
EndProject
Project("{FAE04EC0-301F-11D3-BF4B-00C04F79EFBC}") = "Maze.Editor", "Maze.Editor.csproj", "{52C081AD-6088-41D5-90A1-6BA020F9E2B8}"
EndProject
Global
	GlobalSection(SolutionConfigurationPlatforms) = preSolution
		Debug|Any CPU = Debug|Any CPU
		Release|Any CPU = Release|Any CPU
	EndGlobalSection
	GlobalSection(ProjectConfigurationPlatforms) = postSolution
		{86101EFD-F166-566E-5B18-7B7E7376FA6E}.Debug|Any CPU.ActiveCfg = Debug|Any CPU
		{86101EFD-F166-566E-5B18-7B7E7376FA6E}.Debug|Any CPU.Build.0 = Debug|Any CPU
		{86101EFD-F166-566E-5B18-7B7E7376FA6E}.Release|Any CPU.ActiveCfg = Release|Any CPU
		{86101EFD-F166-566E-5B18-7B7E7376FA6E}.Release|Any CPU.Build.0 = Release|Any CPU
		{8A52E13F-1E95-9301-251D-8A915FD9B524}.Debug|Any CPU.ActiveCfg = Debug|Any CPU
		{8A52E13F-1E95-9301-251D-8A915FD9B524}.Debug|Any CPU.Build.0 = Debug|Any CPU
		{8A52E13F-1E95-9301-251D-8A915FD9B524}.Release|Any CPU.ActiveCfg = Release|Any CPU
		{8A52E13F-1E95-9301-251D-8A915FD9B524}.Release|Any CPU.Build.0 = Release|Any CPU
		{52C081AD-6088-41D5-90A1-6BA020F9E2B8}.Debug|Any CPU.ActiveCfg = Debug|Any CPU
		{52C081AD-6088-41D5-90A1-6BA020F9E2B8}.Debug|Any CPU.Build.0 = Debug|Any CPU
		{52C081AD-6088-41D5-90A1-6BA020F9E2B8}.Release|Any CPU.ActiveCfg = Release|Any CPU
		{52C081AD-6088-41D5-90A1-6BA020F9E2B8}.Release|Any CPU.Build.0 = Release|Any CPU
	EndGlobalSection
	GlobalSection(SolutionProperties) = preSolution
		HideSolutionNode = FALSE
	EndGlobalSection
EndGlobal
