
Microsoft Visual Studio Solution File, Format Version 12.00
# Visual Studio Version 16
VisualStudioVersion = 16.0.29806.167
MinimumVisualStudioVersion = 10.0.40219.1
Project("{FAE04EC0-301F-11D3-BF4B-00C04F79EFBC}") = "Maze.Common.Model", "Maze.Common.Model\Maze.Common.Model.csproj", "{FB03A589-3CD2-45A1-946E-4644A15DB8AC}"
EndProject
Project("{FAE04EC0-301F-11D3-BF4B-00C04F79EFBC}") = "Maze.Common.MazePackages", "Maze.Common.MazePackages\Maze.Common.MazePackages.csproj", "{483A96EC-B937-4CA1-B214-D7509A8E6D10}"
EndProject
Project("{FAE04EC0-301F-11D3-BF4B-00C04F79EFBC}") = "Maze.Common.UdpDataExchange", "Maze.Common.UdpDataExchange\Maze.Common.UdpDataExchange.csproj", "{214EBA03-823D-4E32-A073-A9F7FAF96BC4}"
EndProject
Project("{FAE04EC0-301F-11D3-BF4B-00C04F79EFBC}") = "Maze.Server.Commands", "Maze.Server.Commands\Maze.Server.Commands.csproj", "{CFBE6464-1711-4AC6-95B2-401F7D3510A4}"
EndProject
Project("{FAE04EC0-301F-11D3-BF4B-00C04F79EFBC}") = "Maze.Server.Core", "Maze.Server.Core\Maze.Server.Core.csproj", "{CB0BC3BF-E217-4FB2-89A2-93F798F4FD1D}"
EndProject
Project("{FAE04EC0-301F-11D3-BF4B-00C04F79EFBC}") = "ConsoleClient", "ConsoleClient\ConsoleClient.csproj", "{B25AD9D3-5FC3-49AC-BDFF-E09DA713FD96}"
EndProject
Project("{FAE04EC0-301F-11D3-BF4B-00C04F79EFBC}") = "ConsoleServer", "ConsoleServer\ConsoleServer.csproj", "{6A0D896C-D2C1-4320-8AE2-985B04530A38}"
EndProject
Project("{FAE04EC0-301F-11D3-BF4B-00C04F79EFBC}") = "Maze.Common", "Maze.Common\Maze.Common.csproj", "{D26C5BB2-E5A0-4EEF-9842-0C9CC7B32381}"
EndProject
Project("{FAE04EC0-301F-11D3-BF4B-00C04F79EFBC}") = "Maze.Server.Core.Access", "Maze.Server.Core.Access\Maze.Server.Core.Access.csproj", "{5F3E93C9-A577-476C-91E2-3959A127A60F}"
EndProject
Project("{FAE04EC0-301F-11D3-BF4B-00C04F79EFBC}") = "Maze.Server.MazeService.LoginService", "Maze.Server.MazeService.LoginService\Maze.Server.MazeService.LoginService.csproj", "{F60A2B06-90DC-45D7-8A84-AB556C0C7985}"
EndProject
Project("{FAE04EC0-301F-11D3-BF4B-00C04F79EFBC}") = "Maze.Server.MazeService", "Maze.Server.MazeService\Maze.Server.MazeService.csproj", "{17D5C061-9577-4F7A-866E-9B95FC5EE0E7}"
EndProject
Project("{FAE04EC0-301F-11D3-BF4B-00C04F79EFBC}") = "Maze.Server.Core.ServiceStorage", "Maze.Server.Core.ServiceStorage\Maze.Server.Core.ServiceStorage.csproj", "{DFA6F035-A8EC-4CBA-8589-A39C27E54E6C}"
EndProject
Project("{FAE04EC0-301F-11D3-BF4B-00C04F79EFBC}") = "Maze.Server.MazeService.MessageSender", "Maze.Server.MazeService.MessageSender\Maze.Server.MazeService.MessageSender.csproj", "{23CE6605-2BAB-4A31-8890-A6A9F1B4BF76}"
EndProject
Project("{FAE04EC0-301F-11D3-BF4B-00C04F79EFBC}") = "Maze.Server.MazeService.SessionService", "Maze.Server.MazeService.SessionService\Maze.Server.MazeService.SessionService.csproj", "{DF334A41-D186-4C97-A536-B1455980A6F6}"
EndProject
Project("{FAE04EC0-301F-11D3-BF4B-00C04F79EFBC}") = "Maze.Common.Logging", "Maze.Common.Logging\Maze.Common.Logging.csproj", "{1866B301-30B1-46CA-BBBF-60F6C3F373A5}"
EndProject
Global
	GlobalSection(SolutionConfigurationPlatforms) = preSolution
		Debug|Any CPU = Debug|Any CPU
		Release|Any CPU = Release|Any CPU
	EndGlobalSection
	GlobalSection(ProjectConfigurationPlatforms) = postSolution
		{FB03A589-3CD2-45A1-946E-4644A15DB8AC}.Debug|Any CPU.ActiveCfg = Debug|Any CPU
		{FB03A589-3CD2-45A1-946E-4644A15DB8AC}.Debug|Any CPU.Build.0 = Debug|Any CPU
		{FB03A589-3CD2-45A1-946E-4644A15DB8AC}.Release|Any CPU.ActiveCfg = Release|Any CPU
		{FB03A589-3CD2-45A1-946E-4644A15DB8AC}.Release|Any CPU.Build.0 = Release|Any CPU
		{483A96EC-B937-4CA1-B214-D7509A8E6D10}.Debug|Any CPU.ActiveCfg = Debug|Any CPU
		{483A96EC-B937-4CA1-B214-D7509A8E6D10}.Debug|Any CPU.Build.0 = Debug|Any CPU
		{483A96EC-B937-4CA1-B214-D7509A8E6D10}.Release|Any CPU.ActiveCfg = Release|Any CPU
		{483A96EC-B937-4CA1-B214-D7509A8E6D10}.Release|Any CPU.Build.0 = Release|Any CPU
		{214EBA03-823D-4E32-A073-A9F7FAF96BC4}.Debug|Any CPU.ActiveCfg = Debug|Any CPU
		{214EBA03-823D-4E32-A073-A9F7FAF96BC4}.Debug|Any CPU.Build.0 = Debug|Any CPU
		{214EBA03-823D-4E32-A073-A9F7FAF96BC4}.Release|Any CPU.ActiveCfg = Release|Any CPU
		{214EBA03-823D-4E32-A073-A9F7FAF96BC4}.Release|Any CPU.Build.0 = Release|Any CPU
		{CFBE6464-1711-4AC6-95B2-401F7D3510A4}.Debug|Any CPU.ActiveCfg = Debug|Any CPU
		{CFBE6464-1711-4AC6-95B2-401F7D3510A4}.Debug|Any CPU.Build.0 = Debug|Any CPU
		{CFBE6464-1711-4AC6-95B2-401F7D3510A4}.Release|Any CPU.ActiveCfg = Release|Any CPU
		{CFBE6464-1711-4AC6-95B2-401F7D3510A4}.Release|Any CPU.Build.0 = Release|Any CPU
		{CB0BC3BF-E217-4FB2-89A2-93F798F4FD1D}.Debug|Any CPU.ActiveCfg = Debug|Any CPU
		{CB0BC3BF-E217-4FB2-89A2-93F798F4FD1D}.Debug|Any CPU.Build.0 = Debug|Any CPU
		{CB0BC3BF-E217-4FB2-89A2-93F798F4FD1D}.Release|Any CPU.ActiveCfg = Release|Any CPU
		{CB0BC3BF-E217-4FB2-89A2-93F798F4FD1D}.Release|Any CPU.Build.0 = Release|Any CPU
		{B25AD9D3-5FC3-49AC-BDFF-E09DA713FD96}.Debug|Any CPU.ActiveCfg = Debug|Any CPU
		{B25AD9D3-5FC3-49AC-BDFF-E09DA713FD96}.Debug|Any CPU.Build.0 = Debug|Any CPU
		{B25AD9D3-5FC3-49AC-BDFF-E09DA713FD96}.Release|Any CPU.ActiveCfg = Release|Any CPU
		{B25AD9D3-5FC3-49AC-BDFF-E09DA713FD96}.Release|Any CPU.Build.0 = Release|Any CPU
		{6A0D896C-D2C1-4320-8AE2-985B04530A38}.Debug|Any CPU.ActiveCfg = Debug|Any CPU
		{6A0D896C-D2C1-4320-8AE2-985B04530A38}.Debug|Any CPU.Build.0 = Debug|Any CPU
		{6A0D896C-D2C1-4320-8AE2-985B04530A38}.Release|Any CPU.ActiveCfg = Release|Any CPU
		{6A0D896C-D2C1-4320-8AE2-985B04530A38}.Release|Any CPU.Build.0 = Release|Any CPU
		{D26C5BB2-E5A0-4EEF-9842-0C9CC7B32381}.Debug|Any CPU.ActiveCfg = Debug|Any CPU
		{D26C5BB2-E5A0-4EEF-9842-0C9CC7B32381}.Debug|Any CPU.Build.0 = Debug|Any CPU
		{D26C5BB2-E5A0-4EEF-9842-0C9CC7B32381}.Release|Any CPU.ActiveCfg = Release|Any CPU
		{D26C5BB2-E5A0-4EEF-9842-0C9CC7B32381}.Release|Any CPU.Build.0 = Release|Any CPU
		{5F3E93C9-A577-476C-91E2-3959A127A60F}.Debug|Any CPU.ActiveCfg = Debug|Any CPU
		{5F3E93C9-A577-476C-91E2-3959A127A60F}.Debug|Any CPU.Build.0 = Debug|Any CPU
		{5F3E93C9-A577-476C-91E2-3959A127A60F}.Release|Any CPU.ActiveCfg = Release|Any CPU
		{5F3E93C9-A577-476C-91E2-3959A127A60F}.Release|Any CPU.Build.0 = Release|Any CPU
		{F60A2B06-90DC-45D7-8A84-AB556C0C7985}.Debug|Any CPU.ActiveCfg = Debug|Any CPU
		{F60A2B06-90DC-45D7-8A84-AB556C0C7985}.Debug|Any CPU.Build.0 = Debug|Any CPU
		{F60A2B06-90DC-45D7-8A84-AB556C0C7985}.Release|Any CPU.ActiveCfg = Release|Any CPU
		{F60A2B06-90DC-45D7-8A84-AB556C0C7985}.Release|Any CPU.Build.0 = Release|Any CPU
		{17D5C061-9577-4F7A-866E-9B95FC5EE0E7}.Debug|Any CPU.ActiveCfg = Debug|Any CPU
		{17D5C061-9577-4F7A-866E-9B95FC5EE0E7}.Debug|Any CPU.Build.0 = Debug|Any CPU
		{17D5C061-9577-4F7A-866E-9B95FC5EE0E7}.Release|Any CPU.ActiveCfg = Release|Any CPU
		{17D5C061-9577-4F7A-866E-9B95FC5EE0E7}.Release|Any CPU.Build.0 = Release|Any CPU
		{DFA6F035-A8EC-4CBA-8589-A39C27E54E6C}.Debug|Any CPU.ActiveCfg = Debug|Any CPU
		{DFA6F035-A8EC-4CBA-8589-A39C27E54E6C}.Debug|Any CPU.Build.0 = Debug|Any CPU
		{DFA6F035-A8EC-4CBA-8589-A39C27E54E6C}.Release|Any CPU.ActiveCfg = Release|Any CPU
		{DFA6F035-A8EC-4CBA-8589-A39C27E54E6C}.Release|Any CPU.Build.0 = Release|Any CPU
		{23CE6605-2BAB-4A31-8890-A6A9F1B4BF76}.Debug|Any CPU.ActiveCfg = Debug|Any CPU
		{23CE6605-2BAB-4A31-8890-A6A9F1B4BF76}.Debug|Any CPU.Build.0 = Debug|Any CPU
		{23CE6605-2BAB-4A31-8890-A6A9F1B4BF76}.Release|Any CPU.ActiveCfg = Release|Any CPU
		{23CE6605-2BAB-4A31-8890-A6A9F1B4BF76}.Release|Any CPU.Build.0 = Release|Any CPU
		{DF334A41-D186-4C97-A536-B1455980A6F6}.Debug|Any CPU.ActiveCfg = Debug|Any CPU
		{DF334A41-D186-4C97-A536-B1455980A6F6}.Debug|Any CPU.Build.0 = Debug|Any CPU
		{DF334A41-D186-4C97-A536-B1455980A6F6}.Release|Any CPU.ActiveCfg = Release|Any CPU
		{DF334A41-D186-4C97-A536-B1455980A6F6}.Release|Any CPU.Build.0 = Release|Any CPU
		{1866B301-30B1-46CA-BBBF-60F6C3F373A5}.Debug|Any CPU.ActiveCfg = Debug|Any CPU
		{1866B301-30B1-46CA-BBBF-60F6C3F373A5}.Debug|Any CPU.Build.0 = Debug|Any CPU
		{1866B301-30B1-46CA-BBBF-60F6C3F373A5}.Release|Any CPU.ActiveCfg = Release|Any CPU
		{1866B301-30B1-46CA-BBBF-60F6C3F373A5}.Release|Any CPU.Build.0 = Release|Any CPU
	EndGlobalSection
	GlobalSection(SolutionProperties) = preSolution
		HideSolutionNode = FALSE
	EndGlobalSection
	GlobalSection(ExtensibilityGlobals) = postSolution
		SolutionGuid = {E59DE149-6897-4474-B468-4A1B16062C84}
	EndGlobalSection
EndGlobal
